Microsoft Visual Studio Solution File, Format Version 12.00
# Visual Studio Version 17
VisualStudioVersion = 17.5.2.0
MinimumVisualStudioVersion = 10.0.40219.1
Project("{FAE04EC0-301F-11D3-BF4B-00C04F79EFBC}") = "PInvokeGUI", "PInvokeGUI.csproj", "{255E57C9-DC82-AC36-6F83-AB6DFE33BFB3}"
EndProject
Global
	GlobalSection(SolutionConfigurationPlatforms) = preSolution
		Debug|Any CPU = Debug|Any CPU
		Release|Any CPU = Release|Any CPU
	EndGlobalSection
	GlobalSection(ProjectConfigurationPlatforms) = postSolution
		{255E57C9-DC82-AC36-6F83-AB6DFE33BFB3}.Debug|Any CPU.ActiveCfg = Debug|Any CPU
		{255E57C9-DC82-AC36-6F83-AB6DFE33BFB3}.Debug|Any CPU.Build.0 = Debug|Any CPU
		{255E57C9-DC82-AC36-6F83-AB6DFE33BFB3}.Release|Any CPU.ActiveCfg = Release|Any CPU
		{255E57C9-DC82-AC36-6F83-AB6DFE33BFB3}.Release|Any CPU.Build.0 = Release|Any CPU
	EndGlobalSection
	GlobalSection(SolutionProperties) = preSolution
		HideSolutionNode = FALSE
	EndGlobalSection
	GlobalSection(ExtensibilityGlobals) = postSolution
		SolutionGuid = {6348163E-F43C-4D3E-BB3B-6608840F3F33}
	EndGlobalSection
EndGlobal
